
Microsoft Visual Studio Solution File, Format Version 12.00
# Visual Studio Version 17
VisualStudioVersion = 17.5.002.0
MinimumVisualStudioVersion = 10.0.40219.1
Project("{9A19103F-16F7-4668-BE54-9A1E7A4F7556}") = "ParkSharing.AppHost", "ParkSharing.AppHost.csproj", "{822A1594-0EED-4EF5-93C2-E399505372C7}"
EndProject
Global
	GlobalSection(SolutionConfigurationPlatforms) = preSolution
		Debug|Any CPU = Debug|Any CPU
		Release|Any CPU = Release|Any CPU
	EndGlobalSection
	GlobalSection(ProjectConfigurationPlatforms) = postSolution
		{822A1594-0EED-4EF5-93C2-E399505372C7}.Debug|Any CPU.ActiveCfg = Debug|Any CPU
		{822A1594-0EED-4EF5-93C2-E399505372C7}.Debug|Any CPU.Build.0 = Debug|Any CPU
		{822A1594-0EED-4EF5-93C2-E399505372C7}.Release|Any CPU.ActiveCfg = Release|Any CPU
		{822A1594-0EED-4EF5-93C2-E399505372C7}.Release|Any CPU.Build.0 = Release|Any CPU
	EndGlobalSection
	GlobalSection(SolutionProperties) = preSolution
		HideSolutionNode = FALSE
	EndGlobalSection
	GlobalSection(ExtensibilityGlobals) = postSolution
		SolutionGuid = {B158779A-748B-44F3-BDE3-6F3221CC1C18}
	EndGlobalSection
EndGlobal
