
Microsoft Visual Studio Solution File, Format Version 12.00
# Visual Studio Version 17
VisualStudioVersion = 17.5.002.0
MinimumVisualStudioVersion = 10.0.40219.1
Project("{2150E333-8FDC-42A3-9474-1A3956D46DE8}") = "src", "src", "{DAF453F5-601C-4A4F-A30C-285FCBD59152}"
EndProject
Project("{9A19103F-16F7-4668-BE54-9A1E7A4F7556}") = "ParkSharing.Contracts", "ParkSharing.Shared\ParkSharing.Contracts.csproj", "{BD9D1DEF-007C-4A74-86E9-C07A41BD299F}"
EndProject
Project("{9A19103F-16F7-4668-BE54-9A1E7A4F7556}") = "ParkSharing.AppHost", "ParkSharing.AppHost\ParkSharing.AppHost.csproj", "{AA2ED413-9521-43F6-91D8-9D83370D74C9}"
EndProject
Project("{9A19103F-16F7-4668-BE54-9A1E7A4F7556}") = "ParkSharing.ServiceDefaults", "ParkSharing.ServiceDefaults\ParkSharing.ServiceDefaults.csproj", "{47520E78-E689-4E38-AF7D-E5A35ABC4BD7}"
EndProject
Project("{2150E333-8FDC-42A3-9474-1A3956D46DE8}") = "Backend", "Backend", "{CF448F23-4D0C-4E54-AB89-49AE2D3BB765}"
EndProject
Project("{9A19103F-16F7-4668-BE54-9A1E7A4F7556}") = "ParkSharing.Integration.Tests", "ParkSharing.Integration.Tests\ParkSharing.Integration.Tests.csproj", "{A92D6493-DA48-4198-B676-A913C83AB186}"
EndProject
Project("{2150E333-8FDC-42A3-9474-1A3956D46DE8}") = "Tests", "Tests", "{E4251208-5E0E-4EC5-A83F-0B407D663B57}"
EndProject
Project("{9A19103F-16F7-4668-BE54-9A1E7A4F7556}") = "ParkSharing.Reservation.Server", "ParkSharing.Reservation.Server\ParkSharing.Reservation.Server.csproj", "{F092EF94-FDD1-4ACE-ADBA-F2E77352C573}"
EndProject
Project("{9A19103F-16F7-4668-BE54-9A1E7A4F7556}") = "ParkSharing.Admin.Server", "ParkSharing.Admin.Server\ParkSharing.Admin.Server.csproj", "{FBBFD862-7D07-4B10-99A8-F8A3CF82F26D}"
EndProject
Project("{2150E333-8FDC-42A3-9474-1A3956D46DE8}") = "Orchestration", "Orchestration", "{A20E7D85-B60D-47AF-8C57-E948FF904E5B}"
EndProject
Project("{2150E333-8FDC-42A3-9474-1A3956D46DE8}") = "DevOps", "DevOps", "{4AE60263-854B-4910-B233-7C2EE31BA5E9}"
	ProjectSection(SolutionItems) = preProject
		..\.github\workflows\admin-client.yml = ..\.github\workflows\admin-client.yml
		..\.github\workflows\admin-server.yml = ..\.github\workflows\admin-server.yml
		..\.github\workflows\reservation-client.yml = ..\.github\workflows\reservation-client.yml
		..\.github\workflows\reservation-server.yml = ..\.github\workflows\reservation-server.yml
	EndProjectSection
EndProject
Project("{9A19103F-16F7-4668-BE54-9A1E7A4F7556}") = "ParkSharing.Reservation.Server.Tests", "ParkSharing.Reservation.Server.Tests\ParkSharing.Reservation.Server.Tests.csproj", "{10C8E3FF-2C8F-4D7E-B963-FF524DCAFE38}"
EndProject
Project("{2150E333-8FDC-42A3-9474-1A3956D46DE8}") = "Solution Items", "Solution Items", "{6DEDF59B-106C-4FB3-8E77-1572B95DD500}"
	ProjectSection(SolutionItems) = preProject
		.editorconfig = .editorconfig
	EndProjectSection
EndProject
Project("{9A19103F-16F7-4668-BE54-9A1E7A4F7556}") = "Obseum.Telemetry", "..\..\Obseum.Telemetry\src\Obseum.Telemetry\Obseum.Telemetry.csproj", "{92A03FB7-F6FF-486D-9968-80AE9BF3D5D8}"
EndProject
Global
	GlobalSection(SolutionConfigurationPlatforms) = preSolution
		Debug|Any CPU = Debug|Any CPU
		Release|Any CPU = Release|Any CPU
	EndGlobalSection
	GlobalSection(ProjectConfigurationPlatforms) = postSolution
		{BD9D1DEF-007C-4A74-86E9-C07A41BD299F}.Debug|Any CPU.ActiveCfg = Debug|Any CPU
		{BD9D1DEF-007C-4A74-86E9-C07A41BD299F}.Debug|Any CPU.Build.0 = Debug|Any CPU
		{BD9D1DEF-007C-4A74-86E9-C07A41BD299F}.Release|Any CPU.ActiveCfg = Release|Any CPU
		{BD9D1DEF-007C-4A74-86E9-C07A41BD299F}.Release|Any CPU.Build.0 = Release|Any CPU
		{AA2ED413-9521-43F6-91D8-9D83370D74C9}.Debug|Any CPU.ActiveCfg = Debug|Any CPU
		{AA2ED413-9521-43F6-91D8-9D83370D74C9}.Debug|Any CPU.Build.0 = Debug|Any CPU
		{AA2ED413-9521-43F6-91D8-9D83370D74C9}.Release|Any CPU.ActiveCfg = Release|Any CPU
		{AA2ED413-9521-43F6-91D8-9D83370D74C9}.Release|Any CPU.Build.0 = Release|Any CPU
		{47520E78-E689-4E38-AF7D-E5A35ABC4BD7}.Debug|Any CPU.ActiveCfg = Debug|Any CPU
		{47520E78-E689-4E38-AF7D-E5A35ABC4BD7}.Debug|Any CPU.Build.0 = Debug|Any CPU
		{47520E78-E689-4E38-AF7D-E5A35ABC4BD7}.Release|Any CPU.ActiveCfg = Release|Any CPU
		{47520E78-E689-4E38-AF7D-E5A35ABC4BD7}.Release|Any CPU.Build.0 = Release|Any CPU
		{A92D6493-DA48-4198-B676-A913C83AB186}.Debug|Any CPU.ActiveCfg = Debug|Any CPU
		{A92D6493-DA48-4198-B676-A913C83AB186}.Debug|Any CPU.Build.0 = Debug|Any CPU
		{A92D6493-DA48-4198-B676-A913C83AB186}.Release|Any CPU.ActiveCfg = Release|Any CPU
		{A92D6493-DA48-4198-B676-A913C83AB186}.Release|Any CPU.Build.0 = Release|Any CPU
		{F092EF94-FDD1-4ACE-ADBA-F2E77352C573}.Debug|Any CPU.ActiveCfg = Debug|Any CPU
		{F092EF94-FDD1-4ACE-ADBA-F2E77352C573}.Debug|Any CPU.Build.0 = Debug|Any CPU
		{F092EF94-FDD1-4ACE-ADBA-F2E77352C573}.Release|Any CPU.ActiveCfg = Release|Any CPU
		{F092EF94-FDD1-4ACE-ADBA-F2E77352C573}.Release|Any CPU.Build.0 = Release|Any CPU
		{FBBFD862-7D07-4B10-99A8-F8A3CF82F26D}.Debug|Any CPU.ActiveCfg = Debug|Any CPU
		{FBBFD862-7D07-4B10-99A8-F8A3CF82F26D}.Debug|Any CPU.Build.0 = Debug|Any CPU
		{FBBFD862-7D07-4B10-99A8-F8A3CF82F26D}.Release|Any CPU.ActiveCfg = Release|Any CPU
		{FBBFD862-7D07-4B10-99A8-F8A3CF82F26D}.Release|Any CPU.Build.0 = Release|Any CPU
		{10C8E3FF-2C8F-4D7E-B963-FF524DCAFE38}.Debug|Any CPU.ActiveCfg = Debug|Any CPU
		{10C8E3FF-2C8F-4D7E-B963-FF524DCAFE38}.Debug|Any CPU.Build.0 = Debug|Any CPU
		{10C8E3FF-2C8F-4D7E-B963-FF524DCAFE38}.Release|Any CPU.ActiveCfg = Release|Any CPU
		{10C8E3FF-2C8F-4D7E-B963-FF524DCAFE38}.Release|Any CPU.Build.0 = Release|Any CPU
		{92A03FB7-F6FF-486D-9968-80AE9BF3D5D8}.Debug|Any CPU.ActiveCfg = Debug|Any CPU
		{92A03FB7-F6FF-486D-9968-80AE9BF3D5D8}.Debug|Any CPU.Build.0 = Debug|Any CPU
		{92A03FB7-F6FF-486D-9968-80AE9BF3D5D8}.Release|Any CPU.ActiveCfg = Release|Any CPU
		{92A03FB7-F6FF-486D-9968-80AE9BF3D5D8}.Release|Any CPU.Build.0 = Release|Any CPU
	EndGlobalSection
	GlobalSection(SolutionProperties) = preSolution
		HideSolutionNode = FALSE
	EndGlobalSection
	GlobalSection(NestedProjects) = preSolution
		{BD9D1DEF-007C-4A74-86E9-C07A41BD299F} = {A20E7D85-B60D-47AF-8C57-E948FF904E5B}
		{AA2ED413-9521-43F6-91D8-9D83370D74C9} = {A20E7D85-B60D-47AF-8C57-E948FF904E5B}
		{47520E78-E689-4E38-AF7D-E5A35ABC4BD7} = {A20E7D85-B60D-47AF-8C57-E948FF904E5B}
		{CF448F23-4D0C-4E54-AB89-49AE2D3BB765} = {DAF453F5-601C-4A4F-A30C-285FCBD59152}
		{A92D6493-DA48-4198-B676-A913C83AB186} = {E4251208-5E0E-4EC5-A83F-0B407D663B57}
		{E4251208-5E0E-4EC5-A83F-0B407D663B57} = {DAF453F5-601C-4A4F-A30C-285FCBD59152}
		{F092EF94-FDD1-4ACE-ADBA-F2E77352C573} = {CF448F23-4D0C-4E54-AB89-49AE2D3BB765}
		{FBBFD862-7D07-4B10-99A8-F8A3CF82F26D} = {CF448F23-4D0C-4E54-AB89-49AE2D3BB765}
		{A20E7D85-B60D-47AF-8C57-E948FF904E5B} = {DAF453F5-601C-4A4F-A30C-285FCBD59152}
		{10C8E3FF-2C8F-4D7E-B963-FF524DCAFE38} = {CF448F23-4D0C-4E54-AB89-49AE2D3BB765}
	EndGlobalSection
	GlobalSection(ExtensibilityGlobals) = postSolution
		SolutionGuid = {E8F57FA2-6280-4867-9E5B-0496548C34AB}
	EndGlobalSection
EndGlobal
